{
  "name": "haxe-stack-fe",
  "version": "0.0.0",
  "lockfileVersion": 1,
  "requires": true,
  "dependencies": {
    "acorn": {
      "version": "4.0.13",
      "resolved": "https://registry.npmjs.org/acorn/-/acorn-4.0.13.tgz",
      "integrity": "sha1-EFSVrlNh1pe9GVyCUZLhrX8lN4c="
    },
    "graphlib": {
      "version": "2.1.5",
      "resolved": "https://registry.npmjs.org/graphlib/-/graphlib-2.1.5.tgz",
      "integrity": "sha512-XvtbqCcw+EM5SqQrIetIKKD+uZVNQtDPD1goIg7K73RuRZtVI5rYMdcCVSHm/AS1sCBZ7vt0p5WgXouucHQaOA==",
      "requires": {
        "lodash": "4.17.5"
      }
    },
    "haxe-modular": {
      "version": "0.7.1",
      "resolved": "https://registry.npmjs.org/haxe-modular/-/haxe-modular-0.7.1.tgz",
      "integrity": "sha512-EFjHhnUqyo4ZNasOhD8tmyT+8l+lbwTEmZmOtVKM38t3CNldXC4vwJOjm6tN4+ui7MdOf/kn8eK1k/bmRF6Bdw==",
      "requires": {
        "acorn": "4.0.13",
        "graphlib": "2.1.5",
        "react-deep-force-update": "2.1.1",
        "react-proxy": "2.0.8",
        "source-map": "0.5.7"
      }
    },
    "lodash": {
      "version": "4.17.5",
      "resolved": "https://registry.npmjs.org/lodash/-/lodash-4.17.5.tgz",
      "integrity": "sha512-svL3uiZf1RwhH+cWrfZn3A4+U58wbP0tGVTLQPbjplZxZ8ROD9VLuNgsRniTlLe7OlSqR79RUehXgpBW/s0IQw=="
    },
    "react-deep-force-update": {
      "version": "2.1.1",
      "resolved": "https://registry.npmjs.org/react-deep-force-update/-/react-deep-force-update-2.1.1.tgz",
      "integrity": "sha1-jqQmPNZFWgULN0RbPwj9g52G6Qk="
    },
    "react-proxy": {
      "version": "2.0.8",
      "resolved": "https://registry.npmjs.org/react-proxy/-/react-proxy-2.0.8.tgz",
      "integrity": "sha1-dq54yb5OVNQJz+x7t9UT7H8bKEw=",
      "requires": {
        "lodash": "4.17.5"
      }
    },
    "source-map": {
      "version": "0.5.7",
      "resolved": "https://registry.npmjs.org/source-map/-/source-map-0.5.7.tgz",
      "integrity": "sha1-igOdLRAh0i0eoUyA2OpGi6LvP8w="
    }
  }
}
